// !$*UTF8*$!
{
	archiveVersion = 1;
	classes = {
	};
	objectVersion = 48;
	objects = {

/* Begin PBXBuildFile section */
		A3EA10E1DAEC55E733A38E1F /* libPods-SDInKe.a in Frameworks */ = {isa = PBXBuildFile; fileRef = A6D7D98FB5541DEED608266A /* libPods-SDInKe.a */; };
		EF83DD9D1FFBD35F00B9FA0C /* Main.storyboard in Resources */ = {isa = PBXBuildFile; fileRef = EF83DD9B1FFBD35F00B9FA0C /* Main.storyboard */; };
		EF83DD9F1FFBD35F00B9FA0C /* Assets.xcassets in Resources */ = {isa = PBXBuildFile; fileRef = EF83DD9E1FFBD35F00B9FA0C /* Assets.xcassets */; };
		EF83DDA21FFBD35F00B9FA0C /* LaunchScreen.storyboard in Resources */ = {isa = PBXBuildFile; fileRef = EF83DDA01FFBD35F00B9FA0C /* LaunchScreen.storyboard */; };
		EF83DDAF1FFBD36000B9FA0C /* SDInKeTests.m in Sources */ = {isa = PBXBuildFile; fileRef = EF83DDAE1FFBD36000B9FA0C /* SDInKeTests.m */; };
		EF83DDBA1FFBD36000B9FA0C /* SDInKeUITests.m in Sources */ = {isa = PBXBuildFile; fileRef = EF83DDB91FFBD36000B9FA0C /* SDInKeUITests.m */; };
		EF83DDD61FFBD4A000B9FA0C /* AppDelegate.m in Sources */ = {isa = PBXBuildFile; fileRef = EF83DDD01FFBD49F00B9FA0C /* AppDelegate.m */; };
		EF83DDD91FFBD4A000B9FA0C /* ViewController.m in Sources */ = {isa = PBXBuildFile; fileRef = EF83DDD41FFBD49F00B9FA0C /* ViewController.m */; };
		EF83DDDC1FFBD50800B9FA0C /* main.m in Sources */ = {isa = PBXBuildFile; fileRef = EF83DDDA1FFBD50700B9FA0C /* main.m */; };
		EF83DDDD1FFBD50800B9FA0C /* Info.plist in Resources */ = {isa = PBXBuildFile; fileRef = EF83DDDB1FFBD50800B9FA0C /* Info.plist */; };
		EFA964E42082435A00096E83 /* SDHttpTool.m in Sources */ = {isa = PBXBuildFile; fileRef = EFA964E32082435A00096E83 /* SDHttpTool.m */; };
		EFA964E72082447600096E83 /* SDBaseHandler.m in Sources */ = {isa = PBXBuildFile; fileRef = EFA964E62082447600096E83 /* SDBaseHandler.m */; };
		EFA964EA2082482300096E83 /* SDHotLiveHandle.m in Sources */ = {isa = PBXBuildFile; fileRef = EFA964E92082482300096E83 /* SDHotLiveHandle.m */; };
		EFA964ED208255A500096E83 /* SDHotLiveModel.m in Sources */ = {isa = PBXBuildFile; fileRef = EFA964EC208255A500096E83 /* SDHotLiveModel.m */; };
		EFA964F02082574700096E83 /* SDLiveModel.m in Sources */ = {isa = PBXBuildFile; fileRef = EFA964EF2082574700096E83 /* SDLiveModel.m */; };
		EFA964F32082576400096E83 /* SDActInfoModel.m in Sources */ = {isa = PBXBuildFile; fileRef = EFA964F12082576400096E83 /* SDActInfoModel.m */; };
		EFA964F82082579900096E83 /* SDCreatorModel.m in Sources */ = {isa = PBXBuildFile; fileRef = EFA964F42082579900096E83 /* SDCreatorModel.m */; };
		EFA964F92082579900096E83 /* SDExtraModel.m in Sources */ = {isa = PBXBuildFile; fileRef = EFA964F72082579900096E83 /* SDExtraModel.m */; };
		EFA964FC2083B43800096E83 /* MJExtensionConfig.m in Sources */ = {isa = PBXBuildFile; fileRef = EFA964FB2083B43800096E83 /* MJExtensionConfig.m */; };
		EFCAE5512020B38E00B69B98 /* SDLiveViewController.m in Sources */ = {isa = PBXBuildFile; fileRef = EFCAE5502020B38E00B69B98 /* SDLiveViewController.m */; };
		EFCAE5542020C7E200B69B98 /* SDFocusViewController.m in Sources */ = {isa = PBXBuildFile; fileRef = EFCAE5532020C7E200B69B98 /* SDFocusViewController.m */; };
		EFCAE5572020C7FD00B69B98 /* SDHotViewController.m in Sources */ = {isa = PBXBuildFile; fileRef = EFCAE5562020C7FD00B69B98 /* SDHotViewController.m */; };
		EFCAE55A2020C93B00B69B98 /* SDNearViewController.m in Sources */ = {isa = PBXBuildFile; fileRef = EFCAE5592020C93B00B69B98 /* SDNearViewController.m */; };
		EFCAE55D2020CA4200B69B98 /* SDBaseNavigationController.m in Sources */ = {isa = PBXBuildFile; fileRef = EFCAE55B2020CA4200B69B98 /* SDBaseNavigationController.m */; };
		EFCAE5602020CA6500B69B98 /* SDBaseViewController.m in Sources */ = {isa = PBXBuildFile; fileRef = EFCAE55F2020CA6500B69B98 /* SDBaseViewController.m */; };
		EFCAE5642020CE3400B69B98 /* UIBarButtonItem+Extension.m in Sources */ = {isa = PBXBuildFile; fileRef = EFCAE5622020CE3400B69B98 /* UIBarButtonItem+Extension.m */; };
		EFCAE5672020CF9600B69B98 /* SDHelper.m in Sources */ = {isa = PBXBuildFile; fileRef = EFCAE5662020CF9600B69B98 /* SDHelper.m */; };
		EFCAE56D2020D1DD00B69B98 /* SDShowTopView.m in Sources */ = {isa = PBXBuildFile; fileRef = EFCAE56C2020D1DD00B69B98 /* SDShowTopView.m */; };
		EFCBBCD0208B22BD00257563 /* AudioToolbox.framework in Frameworks */ = {isa = PBXBuildFile; fileRef = EFCBBCCF208B22AF00257563 /* AudioToolbox.framework */; };
		EFCBBCD6208B236200257563 /* libbz2.tbd in Frameworks */ = {isa = PBXBuildFile; fileRef = EFCBBCD5208B236200257563 /* libbz2.tbd */; };
		EFCBBCD8208B236C00257563 /* libz.tbd in Frameworks */ = {isa = PBXBuildFile; fileRef = EFCBBCD7208B236C00257563 /* libz.tbd */; };
		EFEAE23C2018E0C20030427A /* SDTabBarViewController.m in Sources */ = {isa = PBXBuildFile; fileRef = EFEAE23B2018E0C20030427A /* SDTabBarViewController.m */; };
		EFEAE23F2018E0E00030427A /* SDTabBar.m in Sources */ = {isa = PBXBuildFile; fileRef = EFEAE23E2018E0E00030427A /* SDTabBar.m */; };
		EFEAE24D2018F0F20030427A /* SDShowViewController.m in Sources */ = {isa = PBXBuildFile; fileRef = EFEAE24C2018F0F20030427A /* SDShowViewController.m */; };
		EFEAE2502018F1070030427A /* SDMeViewController.m in Sources */ = {isa = PBXBuildFile; fileRef = EFEAE24F2018F1070030427A /* SDMeViewController.m */; };
		EFEEF17B20863EC10015FB01 /* SDBaseTableViewCell.m in Sources */ = {isa = PBXBuildFile; fileRef = EFEEF17A20863EC10015FB01 /* SDBaseTableViewCell.m */; };
		EFEEF17E20863ED00015FB01 /* SDBaseTableView.m in Sources */ = {isa = PBXBuildFile; fileRef = EFEEF17D20863ED00015FB01 /* SDBaseTableView.m */; };
		EFEEF18120863EFE0015FB01 /* SDLiveTableView.m in Sources */ = {isa = PBXBuildFile; fileRef = EFEEF18020863EFE0015FB01 /* SDLiveTableView.m */; };
		EFEEF18420863F130015FB01 /* SDLiveTableViewCell.m in Sources */ = {isa = PBXBuildFile; fileRef = EFEEF18320863F130015FB01 /* SDLiveTableViewCell.m */; };
/* End PBXBuildFile section */

/* Begin PBXContainerItemProxy section */
		EF83DDAB1FFBD36000B9FA0C /* PBXContainerItemProxy */ = {
			isa = PBXContainerItemProxy;
			containerPortal = EF83DD8A1FFBD35F00B9FA0C /* Project object */;
			proxyType = 1;
			remoteGlobalIDString = EF83DD911FFBD35F00B9FA0C;
			remoteInfo = SDInKe;
		};
		EF83DDB61FFBD36000B9FA0C /* PBXContainerItemProxy */ = {
			isa = PBXContainerItemProxy;
			containerPortal = EF83DD8A1FFBD35F00B9FA0C /* Project object */;
			proxyType = 1;
			remoteGlobalIDString = EF83DD911FFBD35F00B9FA0C;
			remoteInfo = SDInKe;
		};
/* End PBXContainerItemProxy section */

/* Begin PBXFileReference section */
		97F05CAF0A3863A2093418FE /* Pods-SDInKe.release.xcconfig */ = {isa = PBXFileReference; includeInIndex = 1; lastKnownFileType = text.xcconfig; name = "Pods-SDInKe.release.xcconfig"; path = "Pods/Target Support Files/Pods-SDInKe/Pods-SDInKe.release.xcconfig"; sourceTree = "<group>"; };
		A6D7D98FB5541DEED608266A /* libPods-SDInKe.a */ = {isa = PBXFileReference; explicitFileType = archive.ar; includeInIndex = 0; path = "libPods-SDInKe.a"; sourceTree = BUILT_PRODUCTS_DIR; };
		C56E55065FCB540FD8FFD509 /* Pods-SDInKe.debug.xcconfig */ = {isa = PBXFileReference; includeInIndex = 1; lastKnownFileType = text.xcconfig; name = "Pods-SDInKe.debug.xcconfig"; path = "Pods/Target Support Files/Pods-SDInKe/Pods-SDInKe.debug.xcconfig"; sourceTree = "<group>"; };
		EF3DE5652006485C00A52ACE /* SDInke.pch */ = {isa = PBXFileReference; lastKnownFileType = sourcecode.c.h; path = SDInke.pch; sourceTree = "<group>"; };
		EF3DE566200648AC00A52ACE /* SDMacros.h */ = {isa = PBXFileReference; lastKnownFileType = sourcecode.c.h; path = SDMacros.h; sourceTree = "<group>"; };
		EF83DD921FFBD35F00B9FA0C /* SDInKe.app */ = {isa = PBXFileReference; explicitFileType = wrapper.application; includeInIndex = 0; path = SDInKe.app; sourceTree = BUILT_PRODUCTS_DIR; };
		EF83DD9C1FFBD35F00B9FA0C /* Base */ = {isa = PBXFileReference; lastKnownFileType = file.storyboard; name = Base; path = Base.lproj/Main.storyboard; sourceTree = "<group>"; };
		EF83DD9E1FFBD35F00B9FA0C /* Assets.xcassets */ = {isa = PBXFileReference; lastKnownFileType = folder.assetcatalog; path = Assets.xcassets; sourceTree = "<group>"; };
		EF83DDA11FFBD35F00B9FA0C /* Base */ = {isa = PBXFileReference; lastKnownFileType = file.storyboard; name = Base; path = Base.lproj/LaunchScreen.storyboard; sourceTree = "<group>"; };
		EF83DDAA1FFBD36000B9FA0C /* SDInKeTests.xctest */ = {isa = PBXFileReference; explicitFileType = wrapper.cfbundle; includeInIndex = 0; path = SDInKeTests.xctest; sourceTree = BUILT_PRODUCTS_DIR; };
		EF83DDAE1FFBD36000B9FA0C /* SDInKeTests.m */ = {isa = PBXFileReference; lastKnownFileType = sourcecode.c.objc; path = SDInKeTests.m; sourceTree = "<group>"; };
		EF83DDB01FFBD36000B9FA0C /* Info.plist */ = {isa = PBXFileReference; lastKnownFileType = text.plist.xml; path = Info.plist; sourceTree = "<group>"; };
		EF83DDB51FFBD36000B9FA0C /* SDInKeUITests.xctest */ = {isa = PBXFileReference; explicitFileType = wrapper.cfbundle; includeInIndex = 0; path = SDInKeUITests.xctest; sourceTree = BUILT_PRODUCTS_DIR; };
		EF83DDB91FFBD36000B9FA0C /* SDInKeUITests.m */ = {isa = PBXFileReference; lastKnownFileType = sourcecode.c.objc; path = SDInKeUITests.m; sourceTree = "<group>"; };
		EF83DDBB1FFBD36000B9FA0C /* Info.plist */ = {isa = PBXFileReference; lastKnownFileType = text.plist.xml; path = Info.plist; sourceTree = "<group>"; };
		EF83DDCF1FFBD49F00B9FA0C /* AppDelegate.h */ = {isa = PBXFileReference; fileEncoding = 4; lastKnownFileType = sourcecode.c.h; path = AppDelegate.h; sourceTree = "<group>"; };
		EF83DDD01FFBD49F00B9FA0C /* AppDelegate.m */ = {isa = PBXFileReference; fileEncoding = 4; lastKnownFileType = sourcecode.c.objc; path = AppDelegate.m; sourceTree = "<group>"; };
		EF83DDD31FFBD49F00B9FA0C /* ViewController.h */ = {isa = PBXFileReference; fileEncoding = 4; lastKnownFileType = sourcecode.c.h; path = ViewController.h; sourceTree = "<group>"; };
		EF83DDD41FFBD49F00B9FA0C /* ViewController.m */ = {isa = PBXFileReference; fileEncoding = 4; lastKnownFileType = sourcecode.c.objc; path = ViewController.m; sourceTree = "<group>"; };
		EF83DDDA1FFBD50700B9FA0C /* main.m */ = {isa = PBXFileReference; fileEncoding = 4; lastKnownFileType = sourcecode.c.objc; path = main.m; sourceTree = "<group>"; };
		EF83DDDB1FFBD50800B9FA0C /* Info.plist */ = {isa = PBXFileReference; fileEncoding = 4; lastKnownFileType = text.plist.xml; path = Info.plist; sourceTree = "<group>"; };
		EFA964E12082237900096E83 /* APIConfig.h */ = {isa = PBXFileReference; lastKnownFileType = sourcecode.c.h; path = APIConfig.h; sourceTree = "<group>"; };
		EFA964E22082435A00096E83 /* SDHttpTool.h */ = {isa = PBXFileReference; lastKnownFileType = sourcecode.c.h; path = SDHttpTool.h; sourceTree = "<group>"; };
		EFA964E32082435A00096E83 /* SDHttpTool.m */ = {isa = PBXFileReference; lastKnownFileType = sourcecode.c.objc; path = SDHttpTool.m; sourceTree = "<group>"; };
		EFA964E52082447600096E83 /* SDBaseHandler.h */ = {isa = PBXFileReference; lastKnownFileType = sourcecode.c.h; path = SDBaseHandler.h; sourceTree = "<group>"; };
		EFA964E62082447600096E83 /* SDBaseHandler.m */ = {isa = PBXFileReference; lastKnownFileType = sourcecode.c.objc; path = SDBaseHandler.m; sourceTree = "<group>"; };
		EFA964E82082482300096E83 /* SDHotLiveHandle.h */ = {isa = PBXFileReference; lastKnownFileType = sourcecode.c.h; path = SDHotLiveHandle.h; sourceTree = "<group>"; };
		EFA964E92082482300096E83 /* SDHotLiveHandle.m */ = {isa = PBXFileReference; lastKnownFileType = sourcecode.c.objc; path = SDHotLiveHandle.m; sourceTree = "<group>"; };
		EFA964EB208255A500096E83 /* SDHotLiveModel.h */ = {isa = PBXFileReference; fileEncoding = 4; lastKnownFileType = sourcecode.c.h; path = SDHotLiveModel.h; sourceTree = "<group>"; };
		EFA964EC208255A500096E83 /* SDHotLiveModel.m */ = {isa = PBXFileReference; fileEncoding = 4; lastKnownFileType = sourcecode.c.objc; path = SDHotLiveModel.m; sourceTree = "<group>"; };
		EFA964EE2082574700096E83 /* SDLiveModel.h */ = {isa = PBXFileReference; fileEncoding = 4; lastKnownFileType = sourcecode.c.h; path = SDLiveModel.h; sourceTree = "<group>"; };
		EFA964EF2082574700096E83 /* SDLiveModel.m */ = {isa = PBXFileReference; fileEncoding = 4; lastKnownFileType = sourcecode.c.objc; path = SDLiveModel.m; sourceTree = "<group>"; };
		EFA964F12082576400096E83 /* SDActInfoModel.m */ = {isa = PBXFileReference; fileEncoding = 4; lastKnownFileType = sourcecode.c.objc; path = SDActInfoModel.m; sourceTree = "<group>"; };
		EFA964F22082576400096E83 /* SDActInfoModel.h */ = {isa = PBXFileReference; fileEncoding = 4; lastKnownFileType = sourcecode.c.h; path = SDActInfoModel.h; sourceTree = "<group>"; };
		EFA964F42082579900096E83 /* SDCreatorModel.m */ = {isa = PBXFileReference; fileEncoding = 4; lastKnownFileType = sourcecode.c.objc; path = SDCreatorModel.m; sourceTree = "<group>"; };
		EFA964F52082579900096E83 /* SDExtraModel.h */ = {isa = PBXFileReference; fileEncoding = 4; lastKnownFileType = sourcecode.c.h; path = SDExtraModel.h; sourceTree = "<group>"; };
		EFA964F62082579900096E83 /* SDCreatorModel.h */ = {isa = PBXFileReference; fileEncoding = 4; lastKnownFileType = sourcecode.c.h; path = SDCreatorModel.h; sourceTree = "<group>"; };
		EFA964F72082579900096E83 /* SDExtraModel.m */ = {isa = PBXFileReference; fileEncoding = 4; lastKnownFileType = sourcecode.c.objc; path = SDExtraModel.m; sourceTree = "<group>"; };
		EFA964FA2083B43800096E83 /* MJExtensionConfig.h */ = {isa = PBXFileReference; fileEncoding = 4; lastKnownFileType = sourcecode.c.h; path = MJExtensionConfig.h; sourceTree = "<group>"; };
		EFA964FB2083B43800096E83 /* MJExtensionConfig.m */ = {isa = PBXFileReference; fileEncoding = 4; lastKnownFileType = sourcecode.c.objc; path = MJExtensionConfig.m; sourceTree = "<group>"; };
		EFCAE54F2020B38E00B69B98 /* SDLiveViewController.h */ = {isa = PBXFileReference; lastKnownFileType = sourcecode.c.h; path = SDLiveViewController.h; sourceTree = "<group>"; };
		EFCAE5502020B38E00B69B98 /* SDLiveViewController.m */ = {isa = PBXFileReference; lastKnownFileType = sourcecode.c.objc; path = SDLiveViewController.m; sourceTree = "<group>"; };
		EFCAE5522020C7E200B69B98 /* SDFocusViewController.h */ = {isa = PBXFileReference; lastKnownFileType = sourcecode.c.h; path = SDFocusViewController.h; sourceTree = "<group>"; };
		EFCAE5532020C7E200B69B98 /* SDFocusViewController.m */ = {isa = PBXFileReference; lastKnownFileType = sourcecode.c.objc; path = SDFocusViewController.m; sourceTree = "<group>"; };
		EFCAE5552020C7FD00B69B98 /* SDHotViewController.h */ = {isa = PBXFileReference; lastKnownFileType = sourcecode.c.h; path = SDHotViewController.h; sourceTree = "<group>"; };
		EFCAE5562020C7FD00B69B98 /* SDHotViewController.m */ = {isa = PBXFileReference; lastKnownFileType = sourcecode.c.objc; path = SDHotViewController.m; sourceTree = "<group>"; };
		EFCAE5582020C93B00B69B98 /* SDNearViewController.h */ = {isa = PBXFileReference; lastKnownFileType = sourcecode.c.h; path = SDNearViewController.h; sourceTree = "<group>"; };
		EFCAE5592020C93B00B69B98 /* SDNearViewController.m */ = {isa = PBXFileReference; lastKnownFileType = sourcecode.c.objc; path = SDNearViewController.m; sourceTree = "<group>"; };
		EFCAE55B2020CA4200B69B98 /* SDBaseNavigationController.m */ = {isa = PBXFileReference; fileEncoding = 4; lastKnownFileType = sourcecode.c.objc; path = SDBaseNavigationController.m; sourceTree = "<group>"; };
		EFCAE55C2020CA4200B69B98 /* SDBaseNavigationController.h */ = {isa = PBXFileReference; fileEncoding = 4; lastKnownFileType = sourcecode.c.h; path = SDBaseNavigationController.h; sourceTree = "<group>"; };
		EFCAE55E2020CA6500B69B98 /* SDBaseViewController.h */ = {isa = PBXFileReference; fileEncoding = 4; lastKnownFileType = sourcecode.c.h; path = SDBaseViewController.h; sourceTree = "<group>"; };
		EFCAE55F2020CA6500B69B98 /* SDBaseViewController.m */ = {isa = PBXFileReference; fileEncoding = 4; lastKnownFileType = sourcecode.c.objc; path = SDBaseViewController.m; sourceTree = "<group>"; };
		EFCAE5622020CE3400B69B98 /* UIBarButtonItem+Extension.m */ = {isa = PBXFileReference; fileEncoding = 4; lastKnownFileType = sourcecode.c.objc; path = "UIBarButtonItem+Extension.m"; sourceTree = "<group>"; };
		EFCAE5632020CE3400B69B98 /* UIBarButtonItem+Extension.h */ = {isa = PBXFileReference; fileEncoding = 4; lastKnownFileType = sourcecode.c.h; path = "UIBarButtonItem+Extension.h"; sourceTree = "<group>"; };
		EFCAE5652020CF9600B69B98 /* SDHelper.h */ = {isa = PBXFileReference; fileEncoding = 4; lastKnownFileType = sourcecode.c.h; path = SDHelper.h; sourceTree = "<group>"; };
		EFCAE5662020CF9600B69B98 /* SDHelper.m */ = {isa = PBXFileReference; fileEncoding = 4; lastKnownFileType = sourcecode.c.objc; path = SDHelper.m; sourceTree = "<group>"; };
		EFCAE56B2020D1DD00B69B98 /* SDShowTopView.h */ = {isa = PBXFileReference; lastKnownFileType = sourcecode.c.h; path = SDShowTopView.h; sourceTree = "<group>"; };
		EFCAE56C2020D1DD00B69B98 /* SDShowTopView.m */ = {isa = PBXFileReference; lastKnownFileType = sourcecode.c.objc; path = SDShowTopView.m; sourceTree = "<group>"; };
		EFCBBCCF208B22AF00257563 /* AudioToolbox.framework */ = {isa = PBXFileReference; lastKnownFileType = wrapper.framework; name = AudioToolbox.framework; path = System/Library/Frameworks/AudioToolbox.framework; sourceTree = SDKROOT; };
		EFCBBCD1208B230700257563 /* AVFoundation.framework */ = {isa = PBXFileReference; lastKnownFileType = wrapper.framework; name = AVFoundation.framework; path = System/Library/Frameworks/AVFoundation.framework; sourceTree = SDKROOT; };
		EFCBBCD2208B232B00257563 /* CoreGraphics.framework */ = {isa = PBXFileReference; lastKnownFileType = wrapper.framework; name = CoreGraphics.framework; path = System/Library/Frameworks/CoreGraphics.framework; sourceTree = SDKROOT; };
		EFCBBCD3208B233C00257563 /* CoreMedia.framework */ = {isa = PBXFileReference; lastKnownFileType = wrapper.framework; name = CoreMedia.framework; path = System/Library/Frameworks/CoreMedia.framework; sourceTree = SDKROOT; };
		EFCBBCD4208B235400257563 /* CoreVideo.framework */ = {isa = PBXFileReference; lastKnownFileType = wrapper.framework; name = CoreVideo.framework; path = System/Library/Frameworks/CoreVideo.framework; sourceTree = SDKROOT; };
		EFCBBCD5208B236200257563 /* libbz2.tbd */ = {isa = PBXFileReference; lastKnownFileType = "sourcecode.text-based-dylib-definition"; name = libbz2.tbd; path = usr/lib/libbz2.tbd; sourceTree = SDKROOT; };
		EFCBBCD7208B236C00257563 /* libz.tbd */ = {isa = PBXFileReference; lastKnownFileType = "sourcecode.text-based-dylib-definition"; name = libz.tbd; path = usr/lib/libz.tbd; sourceTree = SDKROOT; };
		EFCBBCD9208B237A00257563 /* MediaPlayer.framework */ = {isa = PBXFileReference; lastKnownFileType = wrapper.framework; name = MediaPlayer.framework; path = System/Library/Frameworks/MediaPlayer.framework; sourceTree = SDKROOT; };
		EFCBBCDA208B238500257563 /* MobileCoreServices.framework */ = {isa = PBXFileReference; lastKnownFileType = wrapper.framework; name = MobileCoreServices.framework; path = System/Library/Frameworks/MobileCoreServices.framework; sourceTree = SDKROOT; };
		EFCBBCDB208B238F00257563 /* OpenGLES.framework */ = {isa = PBXFileReference; lastKnownFileType = wrapper.framework; name = OpenGLES.framework; path = System/Library/Frameworks/OpenGLES.framework; sourceTree = SDKROOT; };
		EFCBBCDC208B239D00257563 /* QuartzCore.framework */ = {isa = PBXFileReference; lastKnownFileType = wrapper.framework; name = QuartzCore.framework; path = System/Library/Frameworks/QuartzCore.framework; sourceTree = SDKROOT; };
		EFCBBCDD208B23A900257563 /* VideoToolbox.framework */ = {isa = PBXFileReference; lastKnownFileType = wrapper.framework; name = VideoToolbox.framework; path = System/Library/Frameworks/VideoToolbox.framework; sourceTree = SDKROOT; };
		EFEAE23A2018E0C20030427A /* SDTabBarViewController.h */ = {isa = PBXFileReference; fileEncoding = 4; lastKnownFileType = sourcecode.c.h; path = SDTabBarViewController.h; sourceTree = "<group>"; };
		EFEAE23B2018E0C20030427A /* SDTabBarViewController.m */ = {isa = PBXFileReference; fileEncoding = 4; lastKnownFileType = sourcecode.c.objc; path = SDTabBarViewController.m; sourceTree = "<group>"; };
		EFEAE23D2018E0E00030427A /* SDTabBar.h */ = {isa = PBXFileReference; lastKnownFileType = sourcecode.c.h; path = SDTabBar.h; sourceTree = "<group>"; };
		EFEAE23E2018E0E00030427A /* SDTabBar.m */ = {isa = PBXFileReference; lastKnownFileType = sourcecode.c.objc; path = SDTabBar.m; sourceTree = "<group>"; };
		EFEAE24B2018F0F20030427A /* SDShowViewController.h */ = {isa = PBXFileReference; lastKnownFileType = sourcecode.c.h; path = SDShowViewController.h; sourceTree = "<group>"; };
		EFEAE24C2018F0F20030427A /* SDShowViewController.m */ = {isa = PBXFileReference; lastKnownFileType = sourcecode.c.objc; path = SDShowViewController.m; sourceTree = "<group>"; };
		EFEAE24E2018F1070030427A /* SDMeViewController.h */ = {isa = PBXFileReference; lastKnownFileType = sourcecode.c.h; path = SDMeViewController.h; sourceTree = "<group>"; };
		EFEAE24F2018F1070030427A /* SDMeViewController.m */ = {isa = PBXFileReference; lastKnownFileType = sourcecode.c.objc; path = SDMeViewController.m; sourceTree = "<group>"; };
		EFEEF17920863EC10015FB01 /* SDBaseTableViewCell.h */ = {isa = PBXFileReference; lastKnownFileType = sourcecode.c.h; path = SDBaseTableViewCell.h; sourceTree = "<group>"; };
		EFEEF17A20863EC10015FB01 /* SDBaseTableViewCell.m */ = {isa = PBXFileReference; lastKnownFileType = sourcecode.c.objc; path = SDBaseTableViewCell.m; sourceTree = "<group>"; };
		EFEEF17C20863ED00015FB01 /* SDBaseTableView.h */ = {isa = PBXFileReference; lastKnownFileType = sourcecode.c.h; path = SDBaseTableView.h; sourceTree = "<group>"; };
		EFEEF17D20863ED00015FB01 /* SDBaseTableView.m */ = {isa = PBXFileReference; lastKnownFileType = sourcecode.c.objc; path = SDBaseTableView.m; sourceTree = "<group>"; };
		EFEEF17F20863EFE0015FB01 /* SDLiveTableView.h */ = {isa = PBXFileReference; lastKnownFileType = sourcecode.c.h; path = SDLiveTableView.h; sourceTree = "<group>"; };
		EFEEF18020863EFE0015FB01 /* SDLiveTableView.m */ = {isa = PBXFileReference; lastKnownFileType = sourcecode.c.objc; path = SDLiveTableView.m; sourceTree = "<group>"; };
		EFEEF18220863F130015FB01 /* SDLiveTableViewCell.h */ = {isa = PBXFileReference; lastKnownFileType = sourcecode.c.h; path = SDLiveTableViewCell.h; sourceTree = "<group>"; };
		EFEEF18320863F130015FB01 /* SDLiveTableViewCell.m */ = {isa = PBXFileReference; lastKnownFileType = sourcecode.c.objc; path = SDLiveTableViewCell.m; sourceTree = "<group>"; };
/* End PBXFileReference section */

/* Begin PBXFrameworksBuildPhase section */
		EF83DD8F1FFBD35F00B9FA0C /* Frameworks */ = {
			isa = PBXFrameworksBuildPhase;
			buildActionMask = 2147483647;
			files = (
				EFCBBCD6208B236200257563 /* libbz2.tbd in Frameworks */,
				EFCBBCD8208B236C00257563 /* libz.tbd in Frameworks */,
				EFCBBCD0208B22BD00257563 /* AudioToolbox.framework in Frameworks */,
				A3EA10E1DAEC55E733A38E1F /* libPods-SDInKe.a in Frameworks */,
			);
			runOnlyForDeploymentPostprocessing = 0;
		};
		EF83DDA71FFBD36000B9FA0C /* Frameworks */ = {
			isa = PBXFrameworksBuildPhase;
			buildActionMask = 2147483647;
			files = (
			);
			runOnlyForDeploymentPostprocessing = 0;
		};
		EF83DDB21FFBD36000B9FA0C /* Frameworks */ = {
			isa = PBXFrameworksBuildPhase;
			buildActionMask = 2147483647;
			files = (
			);
			runOnlyForDeploymentPostprocessing = 0;
		};
/* End PBXFrameworksBuildPhase section */

/* Begin PBXGroup section */
		4D433551662E7E5C5807F3A1 /* Frameworks */ = {
			isa = PBXGroup;
			children = (
				EFCBBCDD208B23A900257563 /* VideoToolbox.framework */,
				EFCBBCDC208B239D00257563 /* QuartzCore.framework */,
				EFCBBCDB208B238F00257563 /* OpenGLES.framework */,
				EFCBBCDA208B238500257563 /* MobileCoreServices.framework */,
				EFCBBCD9208B237A00257563 /* MediaPlayer.framework */,
				EFCBBCD7208B236C00257563 /* libz.tbd */,
				EFCBBCD5208B236200257563 /* libbz2.tbd */,
				EFCBBCD4208B235400257563 /* CoreVideo.framework */,
				EFCBBCD3208B233C00257563 /* CoreMedia.framework */,
				EFCBBCD2208B232B00257563 /* CoreGraphics.framework */,
				EFCBBCD1208B230700257563 /* AVFoundation.framework */,
				EFCBBCCF208B22AF00257563 /* AudioToolbox.framework */,
				A6D7D98FB5541DEED608266A /* libPods-SDInKe.a */,
			);
			name = Frameworks;
			sourceTree = "<group>";
		};
		9979AF1CC371DFFA37841B4B /* Pods */ = {
			isa = PBXGroup;
			children = (
				C56E55065FCB540FD8FFD509 /* Pods-SDInKe.debug.xcconfig */,
				97F05CAF0A3863A2093418FE /* Pods-SDInKe.release.xcconfig */,
			);
			name = Pods;
			sourceTree = "<group>";
		};
		EF83DD891FFBD35F00B9FA0C = {
			isa = PBXGroup;
			children = (
				EF83DD941FFBD35F00B9FA0C /* SDInKe */,
				EF83DDAD1FFBD36000B9FA0C /* SDInKeTests */,
				EF83DDB81FFBD36000B9FA0C /* SDInKeUITests */,
				EF83DD931FFBD35F00B9FA0C /* Products */,
				9979AF1CC371DFFA37841B4B /* Pods */,
				4D433551662E7E5C5807F3A1 /* Frameworks */,
			);
			sourceTree = "<group>";
		};
		EF83DD931FFBD35F00B9FA0C /* Products */ = {
			isa = PBXGroup;
			children = (
				EF83DD921FFBD35F00B9FA0C /* SDInKe.app */,
				EF83DDAA1FFBD36000B9FA0C /* SDInKeTests.xctest */,
				EF83DDB51FFBD36000B9FA0C /* SDInKeUITests.xctest */,
			);
			name = Products;
			sourceTree = "<group>";
		};
		EF83DD941FFBD35F00B9FA0C /* SDInKe */ = {
			isa = PBXGroup;
			children = (
				EF83DDC71FFBD49F00B9FA0C /* Class */,
				EF83DD9B1FFBD35F00B9FA0C /* Main.storyboard */,
				EF83DDDB1FFBD50800B9FA0C /* Info.plist */,
				EF83DDDA1FFBD50700B9FA0C /* main.m */,
				EF83DD9E1FFBD35F00B9FA0C /* Assets.xcassets */,
				EF83DDA01FFBD35F00B9FA0C /* LaunchScreen.storyboard */,
			);
			path = SDInKe;
			sourceTree = "<group>";
		};
		EF83DDAD1FFBD36000B9FA0C /* SDInKeTests */ = {
			isa = PBXGroup;
			children = (
				EF83DDAE1FFBD36000B9FA0C /* SDInKeTests.m */,
				EF83DDB01FFBD36000B9FA0C /* Info.plist */,
			);
			path = SDInKeTests;
			sourceTree = "<group>";
		};
		EF83DDB81FFBD36000B9FA0C /* SDInKeUITests */ = {
			isa = PBXGroup;
			children = (
				EF83DDB91FFBD36000B9FA0C /* SDInKeUITests.m */,
				EF83DDBB1FFBD36000B9FA0C /* Info.plist */,
			);
			path = SDInKeUITests;
			sourceTree = "<group>";
		};
		EF83DDC71FFBD49F00B9FA0C /* Class */ = {
			isa = PBXGroup;
			children = (
				EF83DDC81FFBD49F00B9FA0C /* Base */,
				EF83DDC91FFBD49F00B9FA0C /* Helpers */,
				EF83DDCA1FFBD49F00B9FA0C /* Lib */,
				EF83DDCB1FFBD49F00B9FA0C /* Live */,
				EF83DDCC1FFBD49F00B9FA0C /* Me */,
				EF83DDCD1FFBD49F00B9FA0C /* NetWork */,
				EF83DDCE1FFBD49F00B9FA0C /* Other */,
				EF83DDD51FFBD49F00B9FA0C /* Show */,
			);
			path = Class;
			sourceTree = "<group>";
		};
		EF83DDC81FFBD49F00B9FA0C /* Base */ = {
			isa = PBXGroup;
			children = (
				EFCAE55C2020CA4200B69B98 /* SDBaseNavigationController.h */,
				EFCAE55B2020CA4200B69B98 /* SDBaseNavigationController.m */,
				EFEAE23A2018E0C20030427A /* SDTabBarViewController.h */,
				EFEAE23B2018E0C20030427A /* SDTabBarViewController.m */,
				EFCAE55E2020CA6500B69B98 /* SDBaseViewController.h */,
				EFCAE55F2020CA6500B69B98 /* SDBaseViewController.m */,
				EFEAE23D2018E0E00030427A /* SDTabBar.h */,
				EFEAE23E2018E0E00030427A /* SDTabBar.m */,
				EFA964E52082447600096E83 /* SDBaseHandler.h */,
				EFA964E62082447600096E83 /* SDBaseHandler.m */,
				EFEEF17920863EC10015FB01 /* SDBaseTableViewCell.h */,
				EFEEF17A20863EC10015FB01 /* SDBaseTableViewCell.m */,
				EFEEF17C20863ED00015FB01 /* SDBaseTableView.h */,
				EFEEF17D20863ED00015FB01 /* SDBaseTableView.m */,
			);
			path = Base;
			sourceTree = "<group>";
		};
		EF83DDC91FFBD49F00B9FA0C /* Helpers */ = {
			isa = PBXGroup;
			children = (
				EFCAE5652020CF9600B69B98 /* SDHelper.h */,
				EFCAE5662020CF9600B69B98 /* SDHelper.m */,
			);
			path = Helpers;
			sourceTree = "<group>";
		};
		EF83DDCA1FFBD49F00B9FA0C /* Lib */ = {
			isa = PBXGroup;
			children = (
				EFCAE5612020CE2800B69B98 /* Extension */,
			);
			path = Lib;
			sourceTree = "<group>";
		};
		EF83DDCB1FFBD49F00B9FA0C /* Live */ = {
			isa = PBXGroup;
			children = (
				EFCAE54E2020B37100B69B98 /* Controller */,
				EFCAE54D2020B37100B69B98 /* Model */,
				EFCAE54B2020B37100B69B98 /* Tool */,
				EFCAE54C2020B37100B69B98 /* View */,
			);
			path = Live;
			sourceTree = "<group>";
		};
		EF83DDCC1FFBD49F00B9FA0C /* Me */ = {
			isa = PBXGroup;
			children = (
				EFEAE2482018F0D70030427A /* Controller */,
				EFEAE2472018F0D70030427A /* Model */,
				EFEAE24A2018F0D80030427A /* Tool */,
				EFEAE2492018F0D70030427A /* View */,
			);
			path = Me;
			sourceTree = "<group>";
		};
		EF83DDCD1FFBD49F00B9FA0C /* NetWork */ = {
			isa = PBXGroup;
			children = (
				EFA964E12082237900096E83 /* APIConfig.h */,
				EFA964E22082435A00096E83 /* SDHttpTool.h */,
				EFA964E32082435A00096E83 /* SDHttpTool.m */,
			);
			path = NetWork;
			sourceTree = "<group>";
		};
		EF83DDCE1FFBD49F00B9FA0C /* Other */ = {
			isa = PBXGroup;
			children = (
				EF83DDCF1FFBD49F00B9FA0C /* AppDelegate.h */,
				EF83DDD01FFBD49F00B9FA0C /* AppDelegate.m */,
				EF83DDD31FFBD49F00B9FA0C /* ViewController.h */,
				EF83DDD41FFBD49F00B9FA0C /* ViewController.m */,
				EF3DE566200648AC00A52ACE /* SDMacros.h */,
				EF3DE5652006485C00A52ACE /* SDInke.pch */,
				EFA964FA2083B43800096E83 /* MJExtensionConfig.h */,
				EFA964FB2083B43800096E83 /* MJExtensionConfig.m */,
			);
			path = Other;
			sourceTree = "<group>";
		};
		EF83DDD51FFBD49F00B9FA0C /* Show */ = {
			isa = PBXGroup;
			children = (
				EFEAE2442018F0CC0030427A /* Controller */,
				EFEAE2432018F0CC0030427A /* Model */,
				EFEAE2452018F0CC0030427A /* Tool */,
				EFEAE2462018F0CC0030427A /* View */,
			);
			path = Show;
			sourceTree = "<group>";
		};
		EFCAE54B2020B37100B69B98 /* Tool */ = {
			isa = PBXGroup;
			children = (
			);
			path = Tool;
			sourceTree = "<group>";
		};
		EFCAE54C2020B37100B69B98 /* View */ = {
			isa = PBXGroup;
			children = (
			);
			path = View;
			sourceTree = "<group>";
		};
		EFCAE54D2020B37100B69B98 /* Model */ = {
			isa = PBXGroup;
			children = (
			);
			path = Model;
			sourceTree = "<group>";
		};
		EFCAE54E2020B37100B69B98 /* Controller */ = {
			isa = PBXGroup;
			children = (
				EFCAE54F2020B38E00B69B98 /* SDLiveViewController.h */,
				EFCAE5502020B38E00B69B98 /* SDLiveViewController.m */,
			);
			path = Controller;
			sourceTree = "<group>";
		};
		EFCAE5612020CE2800B69B98 /* Extension */ = {
			isa = PBXGroup;
			children = (
				EFCAE5632020CE3400B69B98 /* UIBarButtonItem+Extension.h */,
				EFCAE5622020CE3400B69B98 /* UIBarButtonItem+Extension.m */,
			);
			path = Extension;
			sourceTree = "<group>";
		};
		EFEAE2432018F0CC0030427A /* Model */ = {
			isa = PBXGroup;
			children = (
				EFA964F62082579900096E83 /* SDCreatorModel.h */,
				EFA964F42082579900096E83 /* SDCreatorModel.m */,
				EFA964F52082579900096E83 /* SDExtraModel.h */,
				EFA964F72082579900096E83 /* SDExtraModel.m */,
				EFA964F22082576400096E83 /* SDActInfoModel.h */,
				EFA964F12082576400096E83 /* SDActInfoModel.m */,
				EFA964EE2082574700096E83 /* SDLiveModel.h */,
				EFA964EF2082574700096E83 /* SDLiveModel.m */,
				EFA964EB208255A500096E83 /* SDHotLiveModel.h */,
				EFA964EC208255A500096E83 /* SDHotLiveModel.m */,
			);
			path = Model;
			sourceTree = "<group>";
		};
		EFEAE2442018F0CC0030427A /* Controller */ = {
			isa = PBXGroup;
			children = (
				EFEAE24B2018F0F20030427A /* SDShowViewController.h */,
				EFEAE24C2018F0F20030427A /* SDShowViewController.m */,
				EFCAE5522020C7E200B69B98 /* SDFocusViewController.h */,
				EFCAE5532020C7E200B69B98 /* SDFocusViewController.m */,
				EFCAE5552020C7FD00B69B98 /* SDHotViewController.h */,
				EFCAE5562020C7FD00B69B98 /* SDHotViewController.m */,
				EFCAE5582020C93B00B69B98 /* SDNearViewController.h */,
				EFCAE5592020C93B00B69B98 /* SDNearViewController.m */,
			);
			path = Controller;
			sourceTree = "<group>";
		};
		EFEAE2452018F0CC0030427A /* Tool */ = {
			isa = PBXGroup;
			children = (
				EFA964E82082482300096E83 /* SDHotLiveHandle.h */,
				EFA964E92082482300096E83 /* SDHotLiveHandle.m */,
			);
			path = Tool;
			sourceTree = "<group>";
		};
		EFEAE2462018F0CC0030427A /* View */ = {
			isa = PBXGroup;
			children = (
				EFCAE56B2020D1DD00B69B98 /* SDShowTopView.h */,
				EFCAE56C2020D1DD00B69B98 /* SDShowTopView.m */,
				EFEEF17F20863EFE0015FB01 /* SDLiveTableView.h */,
				EFEEF18020863EFE0015FB01 /* SDLiveTableView.m */,
				EFEEF18220863F130015FB01 /* SDLiveTableViewCell.h */,
				EFEEF18320863F130015FB01 /* SDLiveTableViewCell.m */,
			);
			path = View;
			sourceTree = "<group>";
		};
		EFEAE2472018F0D70030427A /* Model */ = {
			isa = PBXGroup;
			children = (
			);
			path = Model;
			sourceTree = "<group>";
		};
		EFEAE2482018F0D70030427A /* Controller */ = {
			isa = PBXGroup;
			children = (
				EFEAE24E2018F1070030427A /* SDMeViewController.h */,
				EFEAE24F2018F1070030427A /* SDMeViewController.m */,
			);
			path = Controller;
			sourceTree = "<group>";
		};
		EFEAE2492018F0D70030427A /* View */ = {
			isa = PBXGroup;
			children = (
			);
			path = View;
			sourceTree = "<group>";
		};
		EFEAE24A2018F0D80030427A /* Tool */ = {
			isa = PBXGroup;
			children = (
			);
			path = Tool;
			sourceTree = "<group>";
		};
/* End PBXGroup section */

/* Begin PBXNativeTarget section */
		EF83DD911FFBD35F00B9FA0C /* SDInKe */ = {
			isa = PBXNativeTarget;
			buildConfigurationList = EF83DDBE1FFBD36000B9FA0C /* Build configuration list for PBXNativeTarget "SDInKe" */;
			buildPhases = (
				544F9A8955A3B8D21B3B81E0 /* [CP] Check Pods Manifest.lock */,
				EF83DD8E1FFBD35F00B9FA0C /* Sources */,
				EF83DD8F1FFBD35F00B9FA0C /* Frameworks */,
				EF83DD901FFBD35F00B9FA0C /* Resources */,
				B4C84396103647DAD3D2D971 /* [CP] Embed Pods Frameworks */,
				493991B9695E345D5F12C426 /* [CP] Copy Pods Resources */,
			);
			buildRules = (
			);
			dependencies = (
			);
			name = SDInKe;
			productName = SDInKe;
			productReference = EF83DD921FFBD35F00B9FA0C /* SDInKe.app */;
			productType = "com.apple.product-type.application";
		};
		EF83DDA91FFBD36000B9FA0C /* SDInKeTests */ = {
			isa = PBXNativeTarget;
			buildConfigurationList = EF83DDC11FFBD36000B9FA0C /* Build configuration list for PBXNativeTarget "SDInKeTests" */;
			buildPhases = (
				EF83DDA61FFBD36000B9FA0C /* Sources */,
				EF83DDA71FFBD36000B9FA0C /* Frameworks */,
				EF83DDA81FFBD36000B9FA0C /* Resources */,
			);
			buildRules = (
			);
			dependencies = (
				EF83DDAC1FFBD36000B9FA0C /* PBXTargetDependency */,
			);
			name = SDInKeTests;
			productName = SDInKeTests;
			productReference = EF83DDAA1FFBD36000B9FA0C /* SDInKeTests.xctest */;
			productType = "com.apple.product-type.bundle.unit-test";
		};
		EF83DDB41FFBD36000B9FA0C /* SDInKeUITests */ = {
			isa = PBXNativeTarget;
			buildConfigurationList = EF83DDC41FFBD36000B9FA0C /* Build configuration list for PBXNativeTarget "SDInKeUITests" */;
			buildPhases = (
				EF83DDB11FFBD36000B9FA0C /* Sources */,
				EF83DDB21FFBD36000B9FA0C /* Frameworks */,
				EF83DDB31FFBD36000B9FA0C /* Resources */,
			);
			buildRules = (
			);
			dependencies = (
				EF83DDB71FFBD36000B9FA0C /* PBXTargetDependency */,
			);
			name = SDInKeUITests;
			productName = SDInKeUITests;
			productReference = EF83DDB51FFBD36000B9FA0C /* SDInKeUITests.xctest */;
			productType = "com.apple.product-type.bundle.ui-testing";
		};
/* End PBXNativeTarget section */

/* Begin PBXProject section */
		EF83DD8A1FFBD35F00B9FA0C /* Project object */ = {
			isa = PBXProject;
			attributes = {
				CLASSPREFIX = SD;
				LastUpgradeCheck = 0910;
				ORGANIZATIONNAME = slowdony;
				TargetAttributes = {
					EF83DD911FFBD35F00B9FA0C = {
						CreatedOnToolsVersion = 9.1;
						ProvisioningStyle = Automatic;
					};
					EF83DDA91FFBD36000B9FA0C = {
						CreatedOnToolsVersion = 9.1;
						ProvisioningStyle = Automatic;
						TestTargetID = EF83DD911FFBD35F00B9FA0C;
					};
					EF83DDB41FFBD36000B9FA0C = {
						CreatedOnToolsVersion = 9.1;
						ProvisioningStyle = Automatic;
						TestTargetID = EF83DD911FFBD35F00B9FA0C;
					};
				};
			};
			buildConfigurationList = EF83DD8D1FFBD35F00B9FA0C /* Build configuration list for PBXProject "SDInKe" */;
			compatibilityVersion = "Xcode 8.0";
			developmentRegion = en;
			hasScannedForEncodings = 0;
			knownRegions = (
				en,
				Base,
			);
			mainGroup = EF83DD891FFBD35F00B9FA0C;
			productRefGroup = EF83DD931FFBD35F00B9FA0C /* Products */;
			projectDirPath = "";
			projectRoot = "";
			targets = (
				EF83DD911FFBD35F00B9FA0C /* SDInKe */,
				EF83DDA91FFBD36000B9FA0C /* SDInKeTests */,
				EF83DDB41FFBD36000B9FA0C /* SDInKeUITests */,
			);
		};
/* End PBXProject section */

/* Begin PBXResourcesBuildPhase section */
		EF83DD901FFBD35F00B9FA0C /* Resources */ = {
			isa = PBXResourcesBuildPhase;
			buildActionMask = 2147483647;
			files = (
				EF83DDA21FFBD35F00B9FA0C /* LaunchScreen.storyboard in Resources */,
				EF83DD9F1FFBD35F00B9FA0C /* Assets.xcassets in Resources */,
				EF83DDDD1FFBD50800B9FA0C /* Info.plist in Resources */,
				EF83DD9D1FFBD35F00B9FA0C /* Main.storyboard in Resources */,
			);
			runOnlyForDeploymentPostprocessing = 0;
		};
		EF83DDA81FFBD36000B9FA0C /* Resources */ = {
			isa = PBXResourcesBuildPhase;
			buildActionMask = 2147483647;
			files = (
			);
			runOnlyForDeploymentPostprocessing = 0;
		};
		EF83DDB31FFBD36000B9FA0C /* Resources */ = {
			isa = PBXResourcesBuildPhase;
			buildActionMask = 2147483647;
			files = (
			);
			runOnlyForDeploymentPostprocessing = 0;
		};
/* End PBXResourcesBuildPhase section */

/* Begin PBXShellScriptBuildPhase section */
		493991B9695E345D5F12C426 /* [CP] Copy Pods Resources */ = {
			isa = PBXShellScriptBuildPhase;
			buildActionMask = 2147483647;
			files = (
			);
			inputPaths = (
				"${SRCROOT}/Pods/Target Support Files/Pods-SDInKe/Pods-SDInKe-resources.sh",
				"${PODS_ROOT}/MJRefresh/MJRefresh/MJRefresh.bundle",
			);
			name = "[CP] Copy Pods Resources";
			outputPaths = (
				"${TARGET_BUILD_DIR}/${UNLOCALIZED_RESOURCES_FOLDER_PATH}/MJRefresh.bundle",
			);
			runOnlyForDeploymentPostprocessing = 0;
			shellPath = /bin/sh;
			shellScript = "\"${SRCROOT}/Pods/Target Support Files/Pods-SDInKe/Pods-SDInKe-resources.sh\"\n";
			showEnvVarsInLog = 0;
		};
		544F9A8955A3B8D21B3B81E0 /* [CP] Check Pods Manifest.lock */ = {
			isa = PBXShellScriptBuildPhase;
			buildActionMask = 2147483647;
			files = (
			);
			inputPaths = (
				"${PODS_PODFILE_DIR_PATH}/Podfile.lock",
				"${PODS_ROOT}/Manifest.lock",
			);
			name = "[CP] Check Pods Manifest.lock";
			outputPaths = (
				"$(DERIVED_FILE_DIR)/Pods-SDInKe-checkManifestLockResult.txt",
			);
			runOnlyForDeploymentPostprocessing = 0;
			shellPath = /bin/sh;
			shellScript = "diff \"${PODS_PODFILE_DIR_PATH}/Podfile.lock\" \"${PODS_ROOT}/Manifest.lock\" > /dev/null\nif [ $? != 0 ] ; then\n    # print error to STDERR\n    echo \"error: The sandbox is not in sync with the Podfile.lock. Run 'pod install' or update your CocoaPods installation.\" >&2\n    exit 1\nfi\n# This output is used by Xcode 'outputs' to avoid re-running this script phase.\necho \"SUCCESS\" > \"${SCRIPT_OUTPUT_FILE_0}\"\n";
			showEnvVarsInLog = 0;
		};
		B4C84396103647DAD3D2D971 /* [CP] Embed Pods Frameworks */ = {
			isa = PBXShellScriptBuildPhase;
			buildActionMask = 2147483647;
			files = (
			);
			inputPaths = (
			);
			name = "[CP] Embed Pods Frameworks";
			outputPaths = (
			);
			runOnlyForDeploymentPostprocessing = 0;
			shellPath = /bin/sh;
			shellScript = "\"${SRCROOT}/Pods/Target Support Files/Pods-SDInKe/Pods-SDInKe-frameworks.sh\"\n";
			showEnvVarsInLog = 0;
		};
/* End PBXShellScriptBuildPhase section */

/* Begin PBXSourcesBuildPhase section */
		EF83DD8E1FFBD35F00B9FA0C /* Sources */ = {
			isa = PBXSourcesBuildPhase;
			buildActionMask = 2147483647;
			files = (
				EFA964EA2082482300096E83 /* SDHotLiveHandle.m in Sources */,
				EFEEF17B20863EC10015FB01 /* SDBaseTableViewCell.m in Sources */,
				EF83DDD91FFBD4A000B9FA0C /* ViewController.m in Sources */,
				EFEAE23C2018E0C20030427A /* SDTabBarViewController.m in Sources */,
				EF83DDDC1FFBD50800B9FA0C /* main.m in Sources */,
				EFCAE55D2020CA4200B69B98 /* SDBaseNavigationController.m in Sources */,
				EF83DDD61FFBD4A000B9FA0C /* AppDelegate.m in Sources */,
				EFCAE5672020CF9600B69B98 /* SDHelper.m in Sources */,
				EFA964E72082447600096E83 /* SDBaseHandler.m in Sources */,
				EFA964F02082574700096E83 /* SDLiveModel.m in Sources */,
				EFA964F82082579900096E83 /* SDCreatorModel.m in Sources */,
				EFEEF17E20863ED00015FB01 /* SDBaseTableView.m in Sources */,
				EFEAE23F2018E0E00030427A /* SDTabBar.m in Sources */,
				EFCAE5542020C7E200B69B98 /* SDFocusViewController.m in Sources */,
				EFEAE24D2018F0F20030427A /* SDShowViewController.m in Sources */,
				EFA964F92082579900096E83 /* SDExtraModel.m in Sources */,
				EFCAE5642020CE3400B69B98 /* UIBarButtonItem+Extension.m in Sources */,
				EFA964E42082435A00096E83 /* SDHttpTool.m in Sources */,
				EFCAE5512020B38E00B69B98 /* SDLiveViewController.m in Sources */,
				EFCAE55A2020C93B00B69B98 /* SDNearViewController.m in Sources */,
				EFCAE5602020CA6500B69B98 /* SDBaseViewController.m in Sources */,
				EFCAE5572020C7FD00B69B98 /* SDHotViewController.m in Sources */,
				EFCAE56D2020D1DD00B69B98 /* SDShowTopView.m in Sources */,
				EFA964F32082576400096E83 /* SDActInfoModel.m in Sources */,
				EFA964ED208255A500096E83 /* SDHotLiveModel.m in Sources */,
				EFA964FC2083B43800096E83 /* MJExtensionConfig.m in Sources */,
				EFEEF18420863F130015FB01 /* SDLiveTableViewCell.m in Sources */,
				EFEEF18120863EFE0015FB01 /* SDLiveTableView.m in Sources */,
				EFEAE2502018F1070030427A /* SDMeViewController.m in Sources */,
			);
			runOnlyForDeploymentPostprocessing = 0;
		};
		EF83DDA61FFBD36000B9FA0C /* Sources */ = {
			isa = PBXSourcesBuildPhase;
			buildActionMask = 2147483647;
			files = (
				EF83DDAF1FFBD36000B9FA0C /* SDInKeTests.m in Sources */,
			);
			runOnlyForDeploymentPostprocessing = 0;
		};
		EF83DDB11FFBD36000B9FA0C /* Sources */ = {
			isa = PBXSourcesBuildPhase;
			buildActionMask = 2147483647;
			files = (
				EF83DDBA1FFBD36000B9FA0C /* SDInKeUITests.m in Sources */,
			);
			runOnlyForDeploymentPostprocessing = 0;
		};
/* End PBXSourcesBuildPhase section */

/* Begin PBXTargetDependency section */
		EF83DDAC1FFBD36000B9FA0C /* PBXTargetDependency */ = {
			isa = PBXTargetDependency;
			target = EF83DD911FFBD35F00B9FA0C /* SDInKe */;
			targetProxy = EF83DDAB1FFBD36000B9FA0C /* PBXContainerItemProxy */;
		};
		EF83DDB71FFBD36000B9FA0C /* PBXTargetDependency */ = {
			isa = PBXTargetDependency;
			target = EF83DD911FFBD35F00B9FA0C /* SDInKe */;
			targetProxy = EF83DDB61FFBD36000B9FA0C /* PBXContainerItemProxy */;
		};
/* End PBXTargetDependency section */

/* Begin PBXVariantGroup section */
		EF83DD9B1FFBD35F00B9FA0C /* Main.storyboard */ = {
			isa = PBXVariantGroup;
			children = (
				EF83DD9C1FFBD35F00B9FA0C /* Base */,
			);
			name = Main.storyboard;
			sourceTree = "<group>";
		};
		EF83DDA01FFBD35F00B9FA0C /* LaunchScreen.storyboard */ = {
			isa = PBXVariantGroup;
			children = (
				EF83DDA11FFBD35F00B9FA0C /* Base */,
			);
			name = LaunchScreen.storyboard;
			sourceTree = "<group>";
		};
/* End PBXVariantGroup section */

/* Begin XCBuildConfiguration section */
		EF83DDBC1FFBD36000B9FA0C /* Debug */ = {
			isa = XCBuildConfiguration;
			buildSettings = {
				ALWAYS_SEARCH_USER_PATHS = NO;
				CLANG_ANALYZER_NONNULL = YES;
				CLANG_ANALYZER_NUMBER_OBJECT_CONVERSION = YES_AGGRESSIVE;
				CLANG_CXX_LANGUAGE_STANDARD = "gnu++14";
				CLANG_CXX_LIBRARY = "libc++";
				CLANG_ENABLE_MODULES = YES;
				CLANG_ENABLE_OBJC_ARC = YES;
				CLANG_WARN_BLOCK_CAPTURE_AUTORELEASING = YES;
				CLANG_WARN_BOOL_CONVERSION = YES;
				CLANG_WARN_COMMA = YES;
				CLANG_WARN_CONSTANT_CONVERSION = YES;
				CLANG_WARN_DIRECT_OBJC_ISA_USAGE = YES_ERROR;
				CLANG_WARN_DOCUMENTATION_COMMENTS = YES;
				CLANG_WARN_EMPTY_BODY = YES;
				CLANG_WARN_ENUM_CONVERSION = YES;
				CLANG_WARN_INFINITE_RECURSION = YES;
				CLANG_WARN_INT_CONVERSION = YES;
				CLANG_WARN_NON_LITERAL_NULL_CONVERSION = YES;
				CLANG_WARN_OBJC_LITERAL_CONVERSION = YES;
				CLANG_WARN_OBJC_ROOT_CLASS = YES_ERROR;
				CLANG_WARN_RANGE_LOOP_ANALYSIS = YES;
				CLANG_WARN_STRICT_PROTOTYPES = YES;
				CLANG_WARN_SUSPICIOUS_MOVE = YES;
				CLANG_WARN_UNGUARDED_AVAILABILITY = YES_AGGRESSIVE;
				CLANG_WARN_UNREACHABLE_CODE = YES;
				CLANG_WARN__DUPLICATE_METHOD_MATCH = YES;
				CODE_SIGN_IDENTITY = "iPhone Developer";
				COPY_PHASE_STRIP = NO;
				DEBUG_INFORMATION_FORMAT = dwarf;
				ENABLE_STRICT_OBJC_MSGSEND = YES;
				ENABLE_TESTABILITY = YES;
				GCC_C_LANGUAGE_STANDARD = gnu11;
				GCC_DYNAMIC_NO_PIC = NO;
				GCC_NO_COMMON_BLOCKS = YES;
				GCC_OPTIMIZATION_LEVEL = 0;
				GCC_PREFIX_HEADER = "$(SRCROOT)/SDInKe/Class/Other/SDInke.pch";
				GCC_PREPROCESSOR_DEFINITIONS = (
					"DEBUG=1",
					"$(inherited)",
				);
				GCC_WARN_64_TO_32_BIT_CONVERSION = YES;
				GCC_WARN_ABOUT_RETURN_TYPE = YES_ERROR;
				GCC_WARN_UNDECLARED_SELECTOR = YES;
				GCC_WARN_UNINITIALIZED_AUTOS = YES_AGGRESSIVE;
				GCC_WARN_UNUSED_FUNCTION = YES;
				GCC_WARN_UNUSED_VARIABLE = YES;
				IPHONEOS_DEPLOYMENT_TARGET = 11.1;
				MTL_ENABLE_DEBUG_INFO = YES;
				ONLY_ACTIVE_ARCH = YES;
				SDKROOT = iphoneos;
			};
			name = Debug;
		};
		EF83DDBD1FFBD36000B9FA0C /* Release */ = {
			isa = XCBuildConfiguration;
			buildSettings = {
				ALWAYS_SEARCH_USER_PATHS = NO;
				CLANG_ANALYZER_NONNULL = YES;
				CLANG_ANALYZER_NUMBER_OBJECT_CONVERSION = YES_AGGRESSIVE;
				CLANG_CXX_LANGUAGE_STANDARD = "gnu++14";
				CLANG_CXX_LIBRARY = "libc++";
				CLANG_ENABLE_MODULES = YES;
				CLANG_ENABLE_OBJC_ARC = YES;
				CLANG_WARN_BLOCK_CAPTURE_AUTORELEASING = YES;
				CLANG_WARN_BOOL_CONVERSION = YES;
				CLANG_WARN_COMMA = YES;
				CLANG_WARN_CONSTANT_CONVERSION = YES;
				CLANG_WARN_DIRECT_OBJC_ISA_USAGE = YES_ERROR;
				CLANG_WARN_DOCUMENTATION_COMMENTS = YES;
				CLANG_WARN_EMPTY_BODY = YES;
				CLANG_WARN_ENUM_CONVERSION = YES;
				CLANG_WARN_INFINITE_RECURSION = YES;
				CLANG_WARN_INT_CONVERSION = YES;
				CLANG_WARN_NON_LITERAL_NULL_CONVERSION = YES;
				CLANG_WARN_OBJC_LITERAL_CONVERSION = YES;
				CLANG_WARN_OBJC_ROOT_CLASS = YES_ERROR;
				CLANG_WARN_RANGE_LOOP_ANALYSIS = YES;
				CLANG_WARN_STRICT_PROTOTYPES = YES;
				CLANG_WARN_SUSPICIOUS_MOVE = YES;
				CLANG_WARN_UNGUARDED_AVAILABILITY = YES_AGGRESSIVE;
				CLANG_WARN_UNREACHABLE_CODE = YES;
				CLANG_WARN__DUPLICATE_METHOD_MATCH = YES;
				CODE_SIGN_IDENTITY = "iPhone Developer";
				COPY_PHASE_STRIP = NO;
				DEBUG_INFORMATION_FORMAT = "dwarf-with-dsym";
				ENABLE_NS_ASSERTIONS = NO;
				ENABLE_STRICT_OBJC_MSGSEND = YES;
				GCC_C_LANGUAGE_STANDARD = gnu11;
				GCC_NO_COMMON_BLOCKS = YES;
				GCC_PREFIX_HEADER = "$(SRCROOT)/SDInKe/Class/Other/SDInke.pch";
				GCC_WARN_64_TO_32_BIT_CONVERSION = YES;
				GCC_WARN_ABOUT_RETURN_TYPE = YES_ERROR;
				GCC_WARN_UNDECLARED_SELECTOR = YES;
				GCC_WARN_UNINITIALIZED_AUTOS = YES_AGGRESSIVE;
				GCC_WARN_UNUSED_FUNCTION = YES;
				GCC_WARN_UNUSED_VARIABLE = YES;
				IPHONEOS_DEPLOYMENT_TARGET = 11.1;
				MTL_ENABLE_DEBUG_INFO = NO;
				SDKROOT = iphoneos;
				VALIDATE_PRODUCT = YES;
			};
			name = Release;
		};
		EF83DDBF1FFBD36000B9FA0C /* Debug */ = {
			isa = XCBuildConfiguration;
			baseConfigurationReference = C56E55065FCB540FD8FFD509 /* Pods-SDInKe.debug.xcconfig */;
			buildSettings = {
				ASSETCATALOG_COMPILER_APPICON_NAME = AppIcon;
				ASSETCATALOG_COMPILER_LAUNCHIMAGE_NAME = LaunchImage;
				CODE_SIGN_STYLE = Automatic;
				DEVELOPMENT_TEAM = 3PYAVNJVS7;
				INFOPLIST_FILE = SDInKe/Info.plist;
				LD_RUNPATH_SEARCH_PATHS = "$(inherited) @executable_path/Frameworks";
				PRODUCT_BUNDLE_IDENTIFIER = slowdony.SDInKe;
				PRODUCT_NAME = "$(TARGET_NAME)";
				TARGETED_DEVICE_FAMILY = 1;
			};
			name = Debug;
		};
		EF83DDC01FFBD36000B9FA0C /* Release */ = {
			isa = XCBuildConfiguration;
			baseConfigurationReference = 97F05CAF0A3863A2093418FE /* Pods-SDInKe.release.xcconfig */;
			buildSettings = {
				ASSETCATALOG_COMPILER_APPICON_NAME = AppIcon;
				ASSETCATALOG_COMPILER_LAUNCHIMAGE_NAME = LaunchImage;
				CODE_SIGN_STYLE = Automatic;
				DEVELOPMENT_TEAM = 3PYAVNJVS7;
				INFOPLIST_FILE = SDInKe/Info.plist;
				LD_RUNPATH_SEARCH_PATHS = "$(inherited) @executable_path/Frameworks";
				PRODUCT_BUNDLE_IDENTIFIER = slowdony.SDInKe;
				PRODUCT_NAME = "$(TARGET_NAME)";
				TARGETED_DEVICE_FAMILY = 1;
			};
			name = Release;
		};
		EF83DDC21FFBD36000B9FA0C /* Debug */ = {
			isa = XCBuildConfiguration;
			buildSettings = {
				BUNDLE_LOADER = "$(TEST_HOST)";
				CODE_SIGN_STYLE = Automatic;
				INFOPLIST_FILE = SDInKeTests/Info.plist;
				LD_RUNPATH_SEARCH_PATHS = "$(inherited) @executable_path/Frameworks @loader_path/Frameworks";
				PRODUCT_BUNDLE_IDENTIFIER = slowdony.SDInKeTests;
				PRODUCT_NAME = "$(TARGET_NAME)";
				TARGETED_DEVICE_FAMILY = "1,2";
				TEST_HOST = "$(BUILT_PRODUCTS_DIR)/SDInKe.app/SDInKe";
			};
			name = Debug;
		};
		EF83DDC31FFBD36000B9FA0C /* Release */ = {
			isa = XCBuildConfiguration;
			buildSettings = {
				BUNDLE_LOADER = "$(TEST_HOST)";
				CODE_SIGN_STYLE = Automatic;
				INFOPLIST_FILE = SDInKeTests/Info.plist;
				LD_RUNPATH_SEARCH_PATHS = "$(inherited) @executable_path/Frameworks @loader_path/Frameworks";
				PRODUCT_BUNDLE_IDENTIFIER = slowdony.SDInKeTests;
				PRODUCT_NAME = "$(TARGET_NAME)";
				TARGETED_DEVICE_FAMILY = "1,2";
				TEST_HOST = "$(BUILT_PRODUCTS_DIR)/SDInKe.app/SDInKe";
			};
			name = Release;
		};
		EF83DDC51FFBD36000B9FA0C /* Debug */ = {
			isa = XCBuildConfiguration;
			buildSettings = {
				CODE_SIGN_STYLE = Automatic;
				INFOPLIST_FILE = SDInKeUITests/Info.plist;
				LD_RUNPATH_SEARCH_PATHS = "$(inherited) @executable_path/Frameworks @loader_path/Frameworks";
				PRODUCT_BUNDLE_IDENTIFIER = slowdony.SDInKeUITests;
				PRODUCT_NAME = "$(TARGET_NAME)";
				TARGETED_DEVICE_FAMILY = "1,2";
				TEST_TARGET_NAME = SDInKe;
			};
			name = Debug;
		};
		EF83DDC61FFBD36000B9FA0C /* Release */ = {
			isa = XCBuildConfiguration;
			buildSettings = {
				CODE_SIGN_STYLE = Automatic;
				INFOPLIST_FILE = SDInKeUITests/Info.plist;
				LD_RUNPATH_SEARCH_PATHS = "$(inherited) @executable_path/Frameworks @loader_path/Frameworks";
				PRODUCT_BUNDLE_IDENTIFIER = slowdony.SDInKeUITests;
				PRODUCT_NAME = "$(TARGET_NAME)";
				TARGETED_DEVICE_FAMILY = "1,2";
				TEST_TARGET_NAME = SDInKe;
			};
			name = Release;
		};
/* End XCBuildConfiguration section */

/* Begin XCConfigurationList section */
		EF83DD8D1FFBD35F00B9FA0C /* Build configuration list for PBXProject "SDInKe" */ = {
			isa = XCConfigurationList;
			buildConfigurations = (
				EF83DDBC1FFBD36000B9FA0C /* Debug */,
				EF83DDBD1FFBD36000B9FA0C /* Release */,
			);
			defaultConfigurationIsVisible = 0;
			defaultConfigurationName = Release;
		};
		EF83DDBE1FFBD36000B9FA0C /* Build configuration list for PBXNativeTarget "SDInKe" */ = {
			isa = XCConfigurationList;
			buildConfigurations = (
				EF83DDBF1FFBD36000B9FA0C /* Debug */,
				EF83DDC01FFBD36000B9FA0C /* Release */,
			);
			defaultConfigurationIsVisible = 0;
			defaultConfigurationName = Release;
		};
		EF83DDC11FFBD36000B9FA0C /* Build configuration list for PBXNativeTarget "SDInKeTests" */ = {
			isa = XCConfigurationList;
			buildConfigurations = (
				EF83DDC21FFBD36000B9FA0C /* Debug */,
				EF83DDC31FFBD36000B9FA0C /* Release */,
			);
			defaultConfigurationIsVisible = 0;
			defaultConfigurationName = Release;
		};
		EF83DDC41FFBD36000B9FA0C /* Build configuration list for PBXNativeTarget "SDInKeUITests" */ = {
			isa = XCConfigurationList;
			buildConfigurations = (
				EF83DDC51FFBD36000B9FA0C /* Debug */,
				EF83DDC61FFBD36000B9FA0C /* Release */,
			);
			defaultConfigurationIsVisible = 0;
			defaultConfigurationName = Release;
		};
/* End XCConfigurationList section */
	};
	rootObject = EF83DD8A1FFBD35F00B9FA0C /* Project object */;
}
